
Microsoft Visual Studio Solution File, Format Version 12.00
# Visual Studio Version 16
VisualStudioVersion = 16.0.28803.156
MinimumVisualStudioVersion = 10.0.40219.1
Project("{9A19103F-16F7-4668-BE54-9A1E7A4F7556}") = "Rozkaz", "Rozkaz\Rozkaz.csproj", "{261EF09D-07D5-4141-B340-B99F7186BF60}"
EndProject
Project("{9A19103F-16F7-4668-BE54-9A1E7A4F7556}") = "Microsoft.Identity.Web", "Microsoft.Identity.Web\Microsoft.Identity.Web.csproj", "{24C12B79-265F-4222-A417-088A6627B2CD}"
EndProject
Global
	GlobalSection(SolutionConfigurationPlatforms) = preSolution
		Debug|Any CPU = Debug|Any CPU
		Release|Any CPU = Release|Any CPU
	EndGlobalSection
	GlobalSection(ProjectConfigurationPlatforms) = postSolution
		{261EF09D-07D5-4141-B340-B99F7186BF60}.Debug|Any CPU.ActiveCfg = Debug|Any CPU
		{261EF09D-07D5-4141-B340-B99F7186BF60}.Debug|Any CPU.Build.0 = Debug|Any CPU
		{261EF09D-07D5-4141-B340-B99F7186BF60}.Release|Any CPU.ActiveCfg = Release|Any CPU
		{261EF09D-07D5-4141-B340-B99F7186BF60}.Release|Any CPU.Build.0 = Release|Any CPU
		{24C12B79-265F-4222-A417-088A6627B2CD}.Debug|Any CPU.ActiveCfg = Debug|Any CPU
		{24C12B79-265F-4222-A417-088A6627B2CD}.Debug|Any CPU.Build.0 = Debug|Any CPU
		{24C12B79-265F-4222-A417-088A6627B2CD}.Release|Any CPU.ActiveCfg = Release|Any CPU
		{24C12B79-265F-4222-A417-088A6627B2CD}.Release|Any CPU.Build.0 = Release|Any CPU
	EndGlobalSection
	GlobalSection(SolutionProperties) = preSolution
		HideSolutionNode = FALSE
	EndGlobalSection
	GlobalSection(ExtensibilityGlobals) = postSolution
		SolutionGuid = {F70F0F7C-8420-482B-B2F7-D43A2EC40EC1}
	EndGlobalSection
EndGlobal
